
Microsoft Visual Studio Solution File, Format Version 12.00
# Visual Studio Version 16
VisualStudioVersion = 16.0.30523.141
MinimumVisualStudioVersion = 10.0.40219.1
Project("{FAE04EC0-301F-11D3-BF4B-00C04F79EFBC}") = "Shmup", "Shmup\Shmup.csproj", "{846D1B65-759D-43C8-A98B-10BA1D432DED}"
EndProject
Global
	GlobalSection(SolutionConfigurationPlatforms) = preSolution
		Debug|Any CPU = Debug|Any CPU
		Release|Any CPU = Release|Any CPU
	EndGlobalSection
	GlobalSection(ProjectConfigurationPlatforms) = postSolution
		{846D1B65-759D-43C8-A98B-10BA1D432DED}.Debug|Any CPU.ActiveCfg = Debug|Any CPU
		{846D1B65-759D-43C8-A98B-10BA1D432DED}.Debug|Any CPU.Build.0 = Debug|Any CPU
		{846D1B65-759D-43C8-A98B-10BA1D432DED}.Release|Any CPU.ActiveCfg = Release|Any CPU
		{846D1B65-759D-43C8-A98B-10BA1D432DED}.Release|Any CPU.Build.0 = Release|Any CPU
	EndGlobalSection
	GlobalSection(SolutionProperties) = preSolution
		HideSolutionNode = FALSE
	EndGlobalSection
	GlobalSection(ExtensibilityGlobals) = postSolution
		SolutionGuid = {E720279C-8DDB-401B-A931-ECB6BF2494BD}
	EndGlobalSection
EndGlobal
